
Microsoft Visual Studio Solution File, Format Version 12.00
# Visual Studio Version 16
VisualStudioVersion = 16.0.29905.134
MinimumVisualStudioVersion = 10.0.40219.1
Project("{FAE04EC0-301F-11D3-BF4B-00C04F79EFBC}") = "BetterCombat", "BetterCombat\BetterCombat.csproj", "{84524350-C8E0-4242-B465-B529D7019679}"
EndProject
Global
	GlobalSection(SolutionConfigurationPlatforms) = preSolution
		Debug|Any CPU = Debug|Any CPU
		Debug|x86 = Debug|x86
		Release|Any CPU = Release|Any CPU
		Release|x86 = Release|x86
	EndGlobalSection
	GlobalSection(ProjectConfigurationPlatforms) = postSolution
		{84524350-C8E0-4242-B465-B529D7019679}.Debug|Any CPU.ActiveCfg = Debug|Any CPU
		{84524350-C8E0-4242-B465-B529D7019679}.Debug|Any CPU.Build.0 = Debug|Any CPU
		{84524350-C8E0-4242-B465-B529D7019679}.Debug|x86.ActiveCfg = Debug|x86
		{84524350-C8E0-4242-B465-B529D7019679}.Debug|x86.Build.0 = Debug|x86
		{84524350-C8E0-4242-B465-B529D7019679}.Release|Any CPU.ActiveCfg = Release|Any CPU
		{84524350-C8E0-4242-B465-B529D7019679}.Release|Any CPU.Build.0 = Release|Any CPU
		{84524350-C8E0-4242-B465-B529D7019679}.Release|x86.ActiveCfg = Release|x86
		{84524350-C8E0-4242-B465-B529D7019679}.Release|x86.Build.0 = Release|x86
	EndGlobalSection
	GlobalSection(SolutionProperties) = preSolution
		HideSolutionNode = FALSE
	EndGlobalSection
	GlobalSection(ExtensibilityGlobals) = postSolution
		SolutionGuid = {1DA356D0-CCC4-4DA8-AAA0-2605CCB98946}
	EndGlobalSection
EndGlobal
